
Microsoft Visual Studio Solution File, Format Version 12.00
# Visual Studio Version 16
VisualStudioVersion = 16.0.31410.357
MinimumVisualStudioVersion = 10.0.40219.1
Project("{FAE04EC0-301F-11D3-BF4B-00C04F79EFBC}") = "Урок 5 шарп", "Урок 5 шарп\Урок 5 шарп.csproj", "{5E3E54B8-D089-4A51-AAF3-3F971C4EB624}"
EndProject
Global
	GlobalSection(SolutionConfigurationPlatforms) = preSolution
		Debug|Any CPU = Debug|Any CPU
		Release|Any CPU = Release|Any CPU
	EndGlobalSection
	GlobalSection(ProjectConfigurationPlatforms) = postSolution
		{5E3E54B8-D089-4A51-AAF3-3F971C4EB624}.Debug|Any CPU.ActiveCfg = Debug|Any CPU
		{5E3E54B8-D089-4A51-AAF3-3F971C4EB624}.Debug|Any CPU.Build.0 = Debug|Any CPU
		{5E3E54B8-D089-4A51-AAF3-3F971C4EB624}.Release|Any CPU.ActiveCfg = Release|Any CPU
		{5E3E54B8-D089-4A51-AAF3-3F971C4EB624}.Release|Any CPU.Build.0 = Release|Any CPU
	EndGlobalSection
	GlobalSection(SolutionProperties) = preSolution
		HideSolutionNode = FALSE
	EndGlobalSection
	GlobalSection(ExtensibilityGlobals) = postSolution
		SolutionGuid = {8677F8C8-E0AC-46F2-B561-575ADCE3A021}
	EndGlobalSection
EndGlobal
